
Microsoft Visual Studio Solution File, Format Version 12.00
# Visual Studio Version 17
VisualStudioVersion = 17.0.31903.59
MinimumVisualStudioVersion = 10.0.40219.1
Project("{2150E333-8FDC-42A3-9474-1A3956D46DE8}") = "src", "src", "{1727EE6B-267E-40B9-A728-B1A98624A374}"
EndProject
Project("{2150E333-8FDC-42A3-9474-1A3956D46DE8}") = "Server", "Server", "{BAD0081B-99C1-43C3-95F5-D448437C04FD}"
EndProject
Project("{9A19103F-16F7-4668-BE54-9A1E7A4F7556}") = "XmasTreeService.Core", "src\Server\XmasTreeService.Core\XmasTreeService.Core.csproj", "{C970D19E-D104-4B1C-99B3-47D2D94DD2B8}"
EndProject
Project("{9A19103F-16F7-4668-BE54-9A1E7A4F7556}") = "XmasTreeServiceWebApi", "src\Server\XmasTreeServiceWebApi\XmasTreeServiceWebApi.csproj", "{7CBDE912-C05F-43DE-B3BE-875E71893B70}"
EndProject
Project("{2150E333-8FDC-42A3-9474-1A3956D46DE8}") = "Client", "Client", "{9DEA9679-A53E-45BF-A50C-16D5BC48A29B}"
EndProject
Project("{9A19103F-16F7-4668-BE54-9A1E7A4F7556}") = "XmasTreeApp", "src\Client\XmasTreeApp\XmasTreeApp.csproj", "{DD3D27FC-114A-4E0B-8EF8-FF929A65AEF4}"
EndProject
Global
	GlobalSection(SolutionConfigurationPlatforms) = preSolution
		Debug|Any CPU = Debug|Any CPU
		Release|Any CPU = Release|Any CPU
	EndGlobalSection
	GlobalSection(ProjectConfigurationPlatforms) = postSolution
		{C970D19E-D104-4B1C-99B3-47D2D94DD2B8}.Debug|Any CPU.ActiveCfg = Debug|Any CPU
		{C970D19E-D104-4B1C-99B3-47D2D94DD2B8}.Debug|Any CPU.Build.0 = Debug|Any CPU
		{C970D19E-D104-4B1C-99B3-47D2D94DD2B8}.Release|Any CPU.ActiveCfg = Release|Any CPU
		{C970D19E-D104-4B1C-99B3-47D2D94DD2B8}.Release|Any CPU.Build.0 = Release|Any CPU
		{7CBDE912-C05F-43DE-B3BE-875E71893B70}.Debug|Any CPU.ActiveCfg = Debug|Any CPU
		{7CBDE912-C05F-43DE-B3BE-875E71893B70}.Debug|Any CPU.Build.0 = Debug|Any CPU
		{7CBDE912-C05F-43DE-B3BE-875E71893B70}.Release|Any CPU.ActiveCfg = Release|Any CPU
		{7CBDE912-C05F-43DE-B3BE-875E71893B70}.Release|Any CPU.Build.0 = Release|Any CPU
		{DD3D27FC-114A-4E0B-8EF8-FF929A65AEF4}.Debug|Any CPU.ActiveCfg = Debug|Any CPU
		{DD3D27FC-114A-4E0B-8EF8-FF929A65AEF4}.Debug|Any CPU.Build.0 = Debug|Any CPU
		{DD3D27FC-114A-4E0B-8EF8-FF929A65AEF4}.Debug|Any CPU.Deploy.0 = Debug|Any CPU
		{DD3D27FC-114A-4E0B-8EF8-FF929A65AEF4}.Release|Any CPU.ActiveCfg = Release|Any CPU
		{DD3D27FC-114A-4E0B-8EF8-FF929A65AEF4}.Release|Any CPU.Build.0 = Release|Any CPU
	EndGlobalSection
	GlobalSection(SolutionProperties) = preSolution
		HideSolutionNode = FALSE
	EndGlobalSection
	GlobalSection(NestedProjects) = preSolution
		{BAD0081B-99C1-43C3-95F5-D448437C04FD} = {1727EE6B-267E-40B9-A728-B1A98624A374}
		{C970D19E-D104-4B1C-99B3-47D2D94DD2B8} = {BAD0081B-99C1-43C3-95F5-D448437C04FD}
		{7CBDE912-C05F-43DE-B3BE-875E71893B70} = {BAD0081B-99C1-43C3-95F5-D448437C04FD}
		{9DEA9679-A53E-45BF-A50C-16D5BC48A29B} = {1727EE6B-267E-40B9-A728-B1A98624A374}
		{DD3D27FC-114A-4E0B-8EF8-FF929A65AEF4} = {9DEA9679-A53E-45BF-A50C-16D5BC48A29B}
	EndGlobalSection
	GlobalSection(ExtensibilityGlobals) = postSolution
		SolutionGuid = {E7758B64-366F-44D3-B069-2D47D4FB14C6}
	EndGlobalSection
EndGlobal
